
Microsoft Visual Studio Solution File, Format Version 12.00
# Visual Studio Version 17
VisualStudioVersion = 17.1.32005.30
MinimumVisualStudioVersion = 10.0.40219.1
Project("{FAE04EC0-301F-11D3-BF4B-00C04F79EFBC}") = "Cookie", "Cookie\Cookie.csproj", "{DCCD714E-288B-460F-8A95-2269E5FBD5EC}"
EndProject
Global
	GlobalSection(SolutionConfigurationPlatforms) = preSolution
		Debug|Any CPU = Debug|Any CPU
		Release|Any CPU = Release|Any CPU
	EndGlobalSection
	GlobalSection(ProjectConfigurationPlatforms) = postSolution
		{DCCD714E-288B-460F-8A95-2269E5FBD5EC}.Debug|Any CPU.ActiveCfg = Debug|Any CPU
		{DCCD714E-288B-460F-8A95-2269E5FBD5EC}.Debug|Any CPU.Build.0 = Debug|Any CPU
		{DCCD714E-288B-460F-8A95-2269E5FBD5EC}.Release|Any CPU.ActiveCfg = Release|Any CPU
		{DCCD714E-288B-460F-8A95-2269E5FBD5EC}.Release|Any CPU.Build.0 = Release|Any CPU
	EndGlobalSection
	GlobalSection(SolutionProperties) = preSolution
		HideSolutionNode = FALSE
	EndGlobalSection
	GlobalSection(ExtensibilityGlobals) = postSolution
		SolutionGuid = {EDA06863-1B58-4D4A-B490-BF4337F28008}
	EndGlobalSection
EndGlobal
